
Microsoft Visual Studio Solution File, Format Version 12.00
# Visual Studio Version 16
VisualStudioVersion = 16.0.29215.179
MinimumVisualStudioVersion = 10.0.40219.1
Project("{FAE04EC0-301F-11D3-BF4B-00C04F79EFBC}") = "CritterProofDoors", "CritterProofDoors\CritterProofDoors.csproj", "{22C21FFA-127D-4514-A80F-EF44399B0476}"
EndProject
Project("{FAE04EC0-301F-11D3-BF4B-00C04F79EFBC}") = "RibbedFirePole", "RibbedFirePole\RibbedFirePole.csproj", "{05DBEAC0-897A-4C21-B667-537AB9264369}"
EndProject
Project("{FAE04EC0-301F-11D3-BF4B-00C04F79EFBC}") = "ShineBugLights (Development)", "ShineBugLights\ShineBugLights (Development).csproj", "{7D7DD517-0072-49E8-85E8-642B660FA636}"
EndProject
Project("{FAE04EC0-301F-11D3-BF4B-00C04F79EFBC}") = "AutosaveDragFix", "AutosaveDragFix\AutosaveDragFix.csproj", "{C00460D7-2E33-4D35-A364-B7E46F93DB8A}"
EndProject
Project("{FAE04EC0-301F-11D3-BF4B-00C04F79EFBC}") = "BuildablePoiDoors", "BuildablePoiDoors\BuildablePoiDoors.csproj", "{65F6F370-9E21-4E6C-823A-E155B47357C9}"
EndProject
Project("{FAE04EC0-301F-11D3-BF4B-00C04F79EFBC}") = "Zolibrary", "- Libraries\Zolibrary\Zolibrary.csproj", "{48EE4416-76F3-4153-B7D4-D12BA028B1CF}"
EndProject
Project("{2150E333-8FDC-42A3-9474-1A3956D46DE8}") = "Libraries", "Libraries", "{A0DEADAC-857D-481B-AF04-00B53C379972}"
EndProject
Project("{FAE04EC0-301F-11D3-BF4B-00C04F79EFBC}") = "Harmony", "- Libraries\Harmony\Harmony.csproj", "{62A7D49C-06EB-4501-8EB5-0BBBA319DD21}"
EndProject
Project("{FAE04EC0-301F-11D3-BF4B-00C04F79EFBC}") = "Oxygen Not Included Assembly", "- Libraries\Oxygen Not Included Assembly\Oxygen Not Included Assembly.csproj", "{E5F3C73D-E268-46B9-A948-24E968A1B35D}"
EndProject
Project("{FAE04EC0-301F-11D3-BF4B-00C04F79EFBC}") = "SetDefaultDeconstructLayer", "SetDefaultDeconstructLayer\SetDefaultDeconstructLayer.csproj", "{AC0A81A9-93ED-4F1C-9868-B2534D8AC005}"
EndProject
Project("{FAE04EC0-301F-11D3-BF4B-00C04F79EFBC}") = "WirelessStorageGrid (Development)", "WirelessStorageGrid\WirelessStorageGrid (Development).csproj", "{19475F90-D7FE-48B6-9DFC-8DA6281BA886}"
EndProject
Project("{2150E333-8FDC-42A3-9474-1A3956D46DE8}") = "Examples", "Examples", "{D189E124-9D3D-45EE-B5DC-D3B3D0F03351}"
EndProject
Project("{FAE04EC0-301F-11D3-BF4B-00C04F79EFBC}") = "DestructibleFeatures", "DestructibleFeatures\DestructibleFeatures.csproj", "{59B65D2C-C0C8-46C7-8606-5BA930AF2A5C}"
EndProject
Project("{FAE04EC0-301F-11D3-BF4B-00C04F79EFBC}") = "DuplicantLifecycles", "DuplicantLifecycles\DuplicantLifecycles.csproj", "{5B5AF340-D832-42DF-8A77-DEF84C8CE437}"
EndProject
Project("{FAE04EC0-301F-11D3-BF4B-00C04F79EFBC}") = "AdvancedSpaceScanner", "AdvancedSpaceScanner\AdvancedSpaceScanner.csproj", "{FE7E8CF6-FF76-43EB-A344-14B1A4A8E50C}"
EndProject
Project("{FAE04EC0-301F-11D3-BF4B-00C04F79EFBC}") = "ComposterOutputsFertilizer", "ComposterOutputsFertilizer\ComposterOutputsFertilizer.csproj", "{4B8F6405-1FD3-43B3-A840-D1EA5483DFE7}"
EndProject
Project("{FAE04EC0-301F-11D3-BF4B-00C04F79EFBC}") = "AutomopSpreadingLiquids", "AutomopSpreadingLiquids\AutomopSpreadingLiquids.csproj", "{E0F8C00B-3456-4E00-8ACA-1C573FAD0C24}"
EndProject
Project("{FAE04EC0-301F-11D3-BF4B-00C04F79EFBC}") = "RoomSeperator", "RoomSeperator\RoomSeperator.csproj", "{25CFD1FC-8111-4079-8BFF-6B388B57A92D}"
EndProject
Global
	GlobalSection(SolutionConfigurationPlatforms) = preSolution
		Debug|Any CPU = Debug|Any CPU
		Release|Any CPU = Release|Any CPU
	EndGlobalSection
	GlobalSection(ProjectConfigurationPlatforms) = postSolution
		{22C21FFA-127D-4514-A80F-EF44399B0476}.Debug|Any CPU.ActiveCfg = Release|Any CPU
		{22C21FFA-127D-4514-A80F-EF44399B0476}.Debug|Any CPU.Build.0 = Release|Any CPU
		{22C21FFA-127D-4514-A80F-EF44399B0476}.Release|Any CPU.ActiveCfg = Release|Any CPU
		{22C21FFA-127D-4514-A80F-EF44399B0476}.Release|Any CPU.Build.0 = Release|Any CPU
		{05DBEAC0-897A-4C21-B667-537AB9264369}.Debug|Any CPU.ActiveCfg = Release|Any CPU
		{05DBEAC0-897A-4C21-B667-537AB9264369}.Debug|Any CPU.Build.0 = Release|Any CPU
		{05DBEAC0-897A-4C21-B667-537AB9264369}.Release|Any CPU.ActiveCfg = Release|Any CPU
		{05DBEAC0-897A-4C21-B667-537AB9264369}.Release|Any CPU.Build.0 = Release|Any CPU
		{7D7DD517-0072-49E8-85E8-642B660FA636}.Debug|Any CPU.ActiveCfg = Debug|Any CPU
		{7D7DD517-0072-49E8-85E8-642B660FA636}.Debug|Any CPU.Build.0 = Debug|Any CPU
		{7D7DD517-0072-49E8-85E8-642B660FA636}.Release|Any CPU.ActiveCfg = Release|Any CPU
		{7D7DD517-0072-49E8-85E8-642B660FA636}.Release|Any CPU.Build.0 = Release|Any CPU
		{C00460D7-2E33-4D35-A364-B7E46F93DB8A}.Debug|Any CPU.ActiveCfg = Release|Any CPU
		{C00460D7-2E33-4D35-A364-B7E46F93DB8A}.Debug|Any CPU.Build.0 = Release|Any CPU
		{C00460D7-2E33-4D35-A364-B7E46F93DB8A}.Release|Any CPU.ActiveCfg = Release|Any CPU
		{C00460D7-2E33-4D35-A364-B7E46F93DB8A}.Release|Any CPU.Build.0 = Release|Any CPU
		{65F6F370-9E21-4E6C-823A-E155B47357C9}.Debug|Any CPU.ActiveCfg = Release|Any CPU
		{65F6F370-9E21-4E6C-823A-E155B47357C9}.Debug|Any CPU.Build.0 = Release|Any CPU
		{65F6F370-9E21-4E6C-823A-E155B47357C9}.Release|Any CPU.ActiveCfg = Release|Any CPU
		{65F6F370-9E21-4E6C-823A-E155B47357C9}.Release|Any CPU.Build.0 = Release|Any CPU
		{48EE4416-76F3-4153-B7D4-D12BA028B1CF}.Debug|Any CPU.ActiveCfg = Debug|Any CPU
		{48EE4416-76F3-4153-B7D4-D12BA028B1CF}.Debug|Any CPU.Build.0 = Debug|Any CPU
		{48EE4416-76F3-4153-B7D4-D12BA028B1CF}.Release|Any CPU.ActiveCfg = Release|Any CPU
		{48EE4416-76F3-4153-B7D4-D12BA028B1CF}.Release|Any CPU.Build.0 = Release|Any CPU
		{62A7D49C-06EB-4501-8EB5-0BBBA319DD21}.Debug|Any CPU.ActiveCfg = Debug|Any CPU
		{62A7D49C-06EB-4501-8EB5-0BBBA319DD21}.Debug|Any CPU.Build.0 = Debug|Any CPU
		{62A7D49C-06EB-4501-8EB5-0BBBA319DD21}.Release|Any CPU.ActiveCfg = Release|Any CPU
		{62A7D49C-06EB-4501-8EB5-0BBBA319DD21}.Release|Any CPU.Build.0 = Release|Any CPU
		{E5F3C73D-E268-46B9-A948-24E968A1B35D}.Debug|Any CPU.ActiveCfg = Debug|Any CPU
		{E5F3C73D-E268-46B9-A948-24E968A1B35D}.Debug|Any CPU.Build.0 = Debug|Any CPU
		{E5F3C73D-E268-46B9-A948-24E968A1B35D}.Release|Any CPU.ActiveCfg = Release|Any CPU
		{E5F3C73D-E268-46B9-A948-24E968A1B35D}.Release|Any CPU.Build.0 = Release|Any CPU
		{AC0A81A9-93ED-4F1C-9868-B2534D8AC005}.Debug|Any CPU.ActiveCfg = Release|Any CPU
		{AC0A81A9-93ED-4F1C-9868-B2534D8AC005}.Debug|Any CPU.Build.0 = Release|Any CPU
		{AC0A81A9-93ED-4F1C-9868-B2534D8AC005}.Release|Any CPU.ActiveCfg = Release|Any CPU
		{AC0A81A9-93ED-4F1C-9868-B2534D8AC005}.Release|Any CPU.Build.0 = Release|Any CPU
		{19475F90-D7FE-48B6-9DFC-8DA6281BA886}.Debug|Any CPU.ActiveCfg = Debug|Any CPU
		{19475F90-D7FE-48B6-9DFC-8DA6281BA886}.Debug|Any CPU.Build.0 = Debug|Any CPU
		{19475F90-D7FE-48B6-9DFC-8DA6281BA886}.Release|Any CPU.ActiveCfg = Release|Any CPU
		{19475F90-D7FE-48B6-9DFC-8DA6281BA886}.Release|Any CPU.Build.0 = Release|Any CPU
		{59B65D2C-C0C8-46C7-8606-5BA930AF2A5C}.Debug|Any CPU.ActiveCfg = Release|Any CPU
		{59B65D2C-C0C8-46C7-8606-5BA930AF2A5C}.Debug|Any CPU.Build.0 = Release|Any CPU
		{59B65D2C-C0C8-46C7-8606-5BA930AF2A5C}.Release|Any CPU.ActiveCfg = Release|Any CPU
		{59B65D2C-C0C8-46C7-8606-5BA930AF2A5C}.Release|Any CPU.Build.0 = Release|Any CPU
		{5B5AF340-D832-42DF-8A77-DEF84C8CE437}.Debug|Any CPU.ActiveCfg = Release|Any CPU
		{5B5AF340-D832-42DF-8A77-DEF84C8CE437}.Debug|Any CPU.Build.0 = Release|Any CPU
		{5B5AF340-D832-42DF-8A77-DEF84C8CE437}.Release|Any CPU.ActiveCfg = Release|Any CPU
		{5B5AF340-D832-42DF-8A77-DEF84C8CE437}.Release|Any CPU.Build.0 = Release|Any CPU
		{FE7E8CF6-FF76-43EB-A344-14B1A4A8E50C}.Debug|Any CPU.ActiveCfg = Release|Any CPU
		{FE7E8CF6-FF76-43EB-A344-14B1A4A8E50C}.Debug|Any CPU.Build.0 = Release|Any CPU
		{FE7E8CF6-FF76-43EB-A344-14B1A4A8E50C}.Release|Any CPU.ActiveCfg = Release|Any CPU
		{FE7E8CF6-FF76-43EB-A344-14B1A4A8E50C}.Release|Any CPU.Build.0 = Release|Any CPU
		{4B8F6405-1FD3-43B3-A840-D1EA5483DFE7}.Debug|Any CPU.ActiveCfg = Release|Any CPU
		{4B8F6405-1FD3-43B3-A840-D1EA5483DFE7}.Debug|Any CPU.Build.0 = Release|Any CPU
		{4B8F6405-1FD3-43B3-A840-D1EA5483DFE7}.Release|Any CPU.ActiveCfg = Release|Any CPU
		{4B8F6405-1FD3-43B3-A840-D1EA5483DFE7}.Release|Any CPU.Build.0 = Release|Any CPU
		{E0F8C00B-3456-4E00-8ACA-1C573FAD0C24}.Debug|Any CPU.ActiveCfg = Debug|Any CPU
		{E0F8C00B-3456-4E00-8ACA-1C573FAD0C24}.Debug|Any CPU.Build.0 = Debug|Any CPU
		{E0F8C00B-3456-4E00-8ACA-1C573FAD0C24}.Release|Any CPU.ActiveCfg = Release|Any CPU
		{E0F8C00B-3456-4E00-8ACA-1C573FAD0C24}.Release|Any CPU.Build.0 = Release|Any CPU
		{25CFD1FC-8111-4079-8BFF-6B388B57A92D}.Debug|Any CPU.ActiveCfg = Debug|Any CPU
		{25CFD1FC-8111-4079-8BFF-6B388B57A92D}.Debug|Any CPU.Build.0 = Debug|Any CPU
		{25CFD1FC-8111-4079-8BFF-6B388B57A92D}.Release|Any CPU.ActiveCfg = Release|Any CPU
		{25CFD1FC-8111-4079-8BFF-6B388B57A92D}.Release|Any CPU.Build.0 = Release|Any CPU
	EndGlobalSection
	GlobalSection(SolutionProperties) = preSolution
		HideSolutionNode = FALSE
	EndGlobalSection
	GlobalSection(NestedProjects) = preSolution
		{48EE4416-76F3-4153-B7D4-D12BA028B1CF} = {A0DEADAC-857D-481B-AF04-00B53C379972}
		{62A7D49C-06EB-4501-8EB5-0BBBA319DD21} = {A0DEADAC-857D-481B-AF04-00B53C379972}
		{E5F3C73D-E268-46B9-A948-24E968A1B35D} = {A0DEADAC-857D-481B-AF04-00B53C379972}
	EndGlobalSection
	GlobalSection(ExtensibilityGlobals) = postSolution
		SolutionGuid = {33E0C219-3D46-433E-B9D3-D84B12AC13D5}
	EndGlobalSection
EndGlobal
